
Microsoft Visual Studio Solution File, Format Version 12.00
# Visual Studio 14
VisualStudioVersion = 14.0.25123.0
MinimumVisualStudioVersion = 10.0.40219.1
Project("{8BC9CEB8-8B4A-11D0-8D11-00A0C91BC942}") = "Exemplo1", "Exemplo1\Exemplo1.vcxproj", "{6EF00494-6A6E-4B90-A294-04EDF36B7FEB}"
EndProject
Project("{8BC9CEB8-8B4A-11D0-8D11-00A0C91BC942}") = "Exemplo2", "Exemplo2\Exemplo2.vcxproj", "{0E943251-5BC9-4345-A976-CC12B702895A}"
EndProject
Project("{8BC9CEB8-8B4A-11D0-8D11-00A0C91BC942}") = "Exemplo3", "Exemplo3\Exemplo3.vcxproj", "{49E9CE1F-ED6E-40E9-8EE2-754583B9B208}"
EndProject
Project("{8BC9CEB8-8B4A-11D0-8D11-00A0C91BC942}") = "Exemplo4", "Exemplo4\Exemplo4.vcxproj", "{02135437-969C-4714-B3F1-54C0765F4AF3}"
EndProject
Project("{8BC9CEB8-8B4A-11D0-8D11-00A0C91BC942}") = "Exemplo5", "Exemplo5\Exemplo5.vcxproj", "{64DA6E39-7E2F-4E19-AC0F-AC755F1A6829}"
EndProject
Project("{8BC9CEB8-8B4A-11D0-8D11-00A0C91BC942}") = "Exemplo6", "Exemplo6\Exemplo6.vcxproj", "{7F6F362C-3F7A-4FDB-9FF9-49D3CA9DCF84}"
EndProject
Project("{8BC9CEB8-8B4A-11D0-8D11-00A0C91BC942}") = "Exemplo7", "Exemplo7\Exemplo7.vcxproj", "{A8658927-5BC0-4119-979D-AACC78C1B1AC}"
EndProject
Project("{8BC9CEB8-8B4A-11D0-8D11-00A0C91BC942}") = "Exemplo8", "Exemplo8\Exemplo8.vcxproj", "{AA28ED32-3241-4267-B18A-8901195C8496}"
EndProject
Project("{8BC9CEB8-8B4A-11D0-8D11-00A0C91BC942}") = "Exemplo9", "Exemplo9\Exemplo9.vcxproj", "{8A1ACE04-0F87-4D10-AD6E-A323015C8CF1}"
EndProject
Project("{8BC9CEB8-8B4A-11D0-8D11-00A0C91BC942}") = "Exercicio1", "Exercicio1\Exercicio1.vcxproj", "{10CF0491-BBF2-4E7A-8520-106D4D0E07E8}"
EndProject
Project("{8BC9CEB8-8B4A-11D0-8D11-00A0C91BC942}") = "Exercicio2", "Exercicio2\Exercicio2.vcxproj", "{B1BA7566-0DEC-41B0-A4DF-3E0E5A7463CF}"
EndProject
Project("{8BC9CEB8-8B4A-11D0-8D11-00A0C91BC942}") = "Exercicio3", "Exercicio3\Exercicio3.vcxproj", "{D024CAA3-0851-44F0-B315-0B70DAF358F7}"
EndProject
Project("{8BC9CEB8-8B4A-11D0-8D11-00A0C91BC942}") = "Exercicio4", "Exercicio4\Exercicio4.vcxproj", "{1679791F-57F7-4200-BDCF-156FFF557361}"
EndProject
Project("{8BC9CEB8-8B4A-11D0-8D11-00A0C91BC942}") = "Exercicio5", "Exercicio5\Exercicio5.vcxproj", "{6193228B-0084-4CBC-933A-CFDA9F96EC07}"
EndProject
Project("{8BC9CEB8-8B4A-11D0-8D11-00A0C91BC942}") = "Exercicio6", "Exercicio6\Exercicio6.vcxproj", "{1820203A-2353-4CFA-BE94-04BA52759BA0}"
EndProject
Project("{8BC9CEB8-8B4A-11D0-8D11-00A0C91BC942}") = "Exercicio7", "Exercicio7\Exercicio7.vcxproj", "{35C58C07-8532-4445-AB57-2B08065EE183}"
EndProject
Project("{8BC9CEB8-8B4A-11D0-8D11-00A0C91BC942}") = "Exercicio8", "Exercicio8\Exercicio8.vcxproj", "{D0C682C6-2750-405B-AD55-58B7EED76B14}"
EndProject
Project("{8BC9CEB8-8B4A-11D0-8D11-00A0C91BC942}") = "Exercicio9", "Exercicio9\Exercicio9.vcxproj", "{F1D60DEB-5169-44A4-B6AF-E66F26C09AFA}"
EndProject
Project("{8BC9CEB8-8B4A-11D0-8D11-00A0C91BC942}") = "Exercicio10", "Exercicio10\Exercicio10.vcxproj", "{3D43B2AD-B436-4C3C-9E9C-9D89AE84B0C3}"
EndProject
Project("{8BC9CEB8-8B4A-11D0-8D11-00A0C91BC942}") = "Exercicio11", "Exercicio11\Exercicio11.vcxproj", "{1EE9432F-EC6E-4217-970D-2F84C5A3D059}"
EndProject
Project("{8BC9CEB8-8B4A-11D0-8D11-00A0C91BC942}") = "Exercicio12", "Exercicio12\Exercicio12.vcxproj", "{50AFA134-B332-47AA-BFC8-A3E98D585CE7}"
EndProject
Project("{8BC9CEB8-8B4A-11D0-8D11-00A0C91BC942}") = "Exercicio13", "Exercicio13\Exercicio13.vcxproj", "{776EC8FE-4C64-49E9-B3F8-646896B394CF}"
EndProject
Project("{8BC9CEB8-8B4A-11D0-8D11-00A0C91BC942}") = "Exercicio14", "Exercicio14\Exercicio14.vcxproj", "{E755E076-5821-4E47-BF99-678A2C7556F1}"
EndProject
Project("{8BC9CEB8-8B4A-11D0-8D11-00A0C91BC942}") = "Exercicio15", "Exercicio15\Exercicio15.vcxproj", "{ABE68631-B68E-482B-98D0-6BD3ED6CB79E}"
EndProject
Global
	GlobalSection(SolutionConfigurationPlatforms) = preSolution
		Debug|x64 = Debug|x64
		Debug|x86 = Debug|x86
		Release|x64 = Release|x64
		Release|x86 = Release|x86
	EndGlobalSection
	GlobalSection(ProjectConfigurationPlatforms) = postSolution
		{6EF00494-6A6E-4B90-A294-04EDF36B7FEB}.Debug|x64.ActiveCfg = Debug|x64
		{6EF00494-6A6E-4B90-A294-04EDF36B7FEB}.Debug|x64.Build.0 = Debug|x64
		{6EF00494-6A6E-4B90-A294-04EDF36B7FEB}.Debug|x86.ActiveCfg = Debug|Win32
		{6EF00494-6A6E-4B90-A294-04EDF36B7FEB}.Debug|x86.Build.0 = Debug|Win32
		{6EF00494-6A6E-4B90-A294-04EDF36B7FEB}.Release|x64.ActiveCfg = Release|x64
		{6EF00494-6A6E-4B90-A294-04EDF36B7FEB}.Release|x64.Build.0 = Release|x64
		{6EF00494-6A6E-4B90-A294-04EDF36B7FEB}.Release|x86.ActiveCfg = Release|Win32
		{6EF00494-6A6E-4B90-A294-04EDF36B7FEB}.Release|x86.Build.0 = Release|Win32
		{0E943251-5BC9-4345-A976-CC12B702895A}.Debug|x64.ActiveCfg = Debug|x64
		{0E943251-5BC9-4345-A976-CC12B702895A}.Debug|x64.Build.0 = Debug|x64
		{0E943251-5BC9-4345-A976-CC12B702895A}.Debug|x86.ActiveCfg = Debug|Win32
		{0E943251-5BC9-4345-A976-CC12B702895A}.Debug|x86.Build.0 = Debug|Win32
		{0E943251-5BC9-4345-A976-CC12B702895A}.Release|x64.ActiveCfg = Release|x64
		{0E943251-5BC9-4345-A976-CC12B702895A}.Release|x64.Build.0 = Release|x64
		{0E943251-5BC9-4345-A976-CC12B702895A}.Release|x86.ActiveCfg = Release|Win32
		{0E943251-5BC9-4345-A976-CC12B702895A}.Release|x86.Build.0 = Release|Win32
		{49E9CE1F-ED6E-40E9-8EE2-754583B9B208}.Debug|x64.ActiveCfg = Debug|x64
		{49E9CE1F-ED6E-40E9-8EE2-754583B9B208}.Debug|x64.Build.0 = Debug|x64
		{49E9CE1F-ED6E-40E9-8EE2-754583B9B208}.Debug|x86.ActiveCfg = Debug|Win32
		{49E9CE1F-ED6E-40E9-8EE2-754583B9B208}.Debug|x86.Build.0 = Debug|Win32
		{49E9CE1F-ED6E-40E9-8EE2-754583B9B208}.Release|x64.ActiveCfg = Release|x64
		{49E9CE1F-ED6E-40E9-8EE2-754583B9B208}.Release|x64.Build.0 = Release|x64
		{49E9CE1F-ED6E-40E9-8EE2-754583B9B208}.Release|x86.ActiveCfg = Release|Win32
		{49E9CE1F-ED6E-40E9-8EE2-754583B9B208}.Release|x86.Build.0 = Release|Win32
		{02135437-969C-4714-B3F1-54C0765F4AF3}.Debug|x64.ActiveCfg = Debug|x64
		{02135437-969C-4714-B3F1-54C0765F4AF3}.Debug|x64.Build.0 = Debug|x64
		{02135437-969C-4714-B3F1-54C0765F4AF3}.Debug|x86.ActiveCfg = Debug|Win32
		{02135437-969C-4714-B3F1-54C0765F4AF3}.Debug|x86.Build.0 = Debug|Win32
		{02135437-969C-4714-B3F1-54C0765F4AF3}.Release|x64.ActiveCfg = Release|x64
		{02135437-969C-4714-B3F1-54C0765F4AF3}.Release|x64.Build.0 = Release|x64
		{02135437-969C-4714-B3F1-54C0765F4AF3}.Release|x86.ActiveCfg = Release|Win32
		{02135437-969C-4714-B3F1-54C0765F4AF3}.Release|x86.Build.0 = Release|Win32
		{64DA6E39-7E2F-4E19-AC0F-AC755F1A6829}.Debug|x64.ActiveCfg = Debug|x64
		{64DA6E39-7E2F-4E19-AC0F-AC755F1A6829}.Debug|x64.Build.0 = Debug|x64
		{64DA6E39-7E2F-4E19-AC0F-AC755F1A6829}.Debug|x86.ActiveCfg = Debug|Win32
		{64DA6E39-7E2F-4E19-AC0F-AC755F1A6829}.Debug|x86.Build.0 = Debug|Win32
		{64DA6E39-7E2F-4E19-AC0F-AC755F1A6829}.Release|x64.ActiveCfg = Release|x64
		{64DA6E39-7E2F-4E19-AC0F-AC755F1A6829}.Release|x64.Build.0 = Release|x64
		{64DA6E39-7E2F-4E19-AC0F-AC755F1A6829}.Release|x86.ActiveCfg = Release|Win32
		{64DA6E39-7E2F-4E19-AC0F-AC755F1A6829}.Release|x86.Build.0 = Release|Win32
		{7F6F362C-3F7A-4FDB-9FF9-49D3CA9DCF84}.Debug|x64.ActiveCfg = Debug|x64
		{7F6F362C-3F7A-4FDB-9FF9-49D3CA9DCF84}.Debug|x64.Build.0 = Debug|x64
		{7F6F362C-3F7A-4FDB-9FF9-49D3CA9DCF84}.Debug|x86.ActiveCfg = Debug|Win32
		{7F6F362C-3F7A-4FDB-9FF9-49D3CA9DCF84}.Debug|x86.Build.0 = Debug|Win32
		{7F6F362C-3F7A-4FDB-9FF9-49D3CA9DCF84}.Release|x64.ActiveCfg = Release|x64
		{7F6F362C-3F7A-4FDB-9FF9-49D3CA9DCF84}.Release|x64.Build.0 = Release|x64
		{7F6F362C-3F7A-4FDB-9FF9-49D3CA9DCF84}.Release|x86.ActiveCfg = Release|Win32
		{7F6F362C-3F7A-4FDB-9FF9-49D3CA9DCF84}.Release|x86.Build.0 = Release|Win32
		{A8658927-5BC0-4119-979D-AACC78C1B1AC}.Debug|x64.ActiveCfg = Debug|x64
		{A8658927-5BC0-4119-979D-AACC78C1B1AC}.Debug|x64.Build.0 = Debug|x64
		{A8658927-5BC0-4119-979D-AACC78C1B1AC}.Debug|x86.ActiveCfg = Debug|Win32
		{A8658927-5BC0-4119-979D-AACC78C1B1AC}.Debug|x86.Build.0 = Debug|Win32
		{A8658927-5BC0-4119-979D-AACC78C1B1AC}.Release|x64.ActiveCfg = Release|x64
		{A8658927-5BC0-4119-979D-AACC78C1B1AC}.Release|x64.Build.0 = Release|x64
		{A8658927-5BC0-4119-979D-AACC78C1B1AC}.Release|x86.ActiveCfg = Release|Win32
		{A8658927-5BC0-4119-979D-AACC78C1B1AC}.Release|x86.Build.0 = Release|Win32
		{AA28ED32-3241-4267-B18A-8901195C8496}.Debug|x64.ActiveCfg = Debug|x64
		{AA28ED32-3241-4267-B18A-8901195C8496}.Debug|x64.Build.0 = Debug|x64
		{AA28ED32-3241-4267-B18A-8901195C8496}.Debug|x86.ActiveCfg = Debug|Win32
		{AA28ED32-3241-4267-B18A-8901195C8496}.Debug|x86.Build.0 = Debug|Win32
		{AA28ED32-3241-4267-B18A-8901195C8496}.Release|x64.ActiveCfg = Release|x64
		{AA28ED32-3241-4267-B18A-8901195C8496}.Release|x64.Build.0 = Release|x64
		{AA28ED32-3241-4267-B18A-8901195C8496}.Release|x86.ActiveCfg = Release|Win32
		{AA28ED32-3241-4267-B18A-8901195C8496}.Release|x86.Build.0 = Release|Win32
		{8A1ACE04-0F87-4D10-AD6E-A323015C8CF1}.Debug|x64.ActiveCfg = Debug|x64
		{8A1ACE04-0F87-4D10-AD6E-A323015C8CF1}.Debug|x64.Build.0 = Debug|x64
		{8A1ACE04-0F87-4D10-AD6E-A323015C8CF1}.Debug|x86.ActiveCfg = Debug|Win32
		{8A1ACE04-0F87-4D10-AD6E-A323015C8CF1}.Debug|x86.Build.0 = Debug|Win32
		{8A1ACE04-0F87-4D10-AD6E-A323015C8CF1}.Release|x64.ActiveCfg = Release|x64
		{8A1ACE04-0F87-4D10-AD6E-A323015C8CF1}.Release|x64.Build.0 = Release|x64
		{8A1ACE04-0F87-4D10-AD6E-A323015C8CF1}.Release|x86.ActiveCfg = Release|Win32
		{8A1ACE04-0F87-4D10-AD6E-A323015C8CF1}.Release|x86.Build.0 = Release|Win32
		{10CF0491-BBF2-4E7A-8520-106D4D0E07E8}.Debug|x64.ActiveCfg = Debug|x64
		{10CF0491-BBF2-4E7A-8520-106D4D0E07E8}.Debug|x64.Build.0 = Debug|x64
		{10CF0491-BBF2-4E7A-8520-106D4D0E07E8}.Debug|x86.ActiveCfg = Debug|Win32
		{10CF0491-BBF2-4E7A-8520-106D4D0E07E8}.Debug|x86.Build.0 = Debug|Win32
		{10CF0491-BBF2-4E7A-8520-106D4D0E07E8}.Release|x64.ActiveCfg = Release|x64
		{10CF0491-BBF2-4E7A-8520-106D4D0E07E8}.Release|x64.Build.0 = Release|x64
		{10CF0491-BBF2-4E7A-8520-106D4D0E07E8}.Release|x86.ActiveCfg = Release|Win32
		{10CF0491-BBF2-4E7A-8520-106D4D0E07E8}.Release|x86.Build.0 = Release|Win32
		{B1BA7566-0DEC-41B0-A4DF-3E0E5A7463CF}.Debug|x64.ActiveCfg = Debug|x64
		{B1BA7566-0DEC-41B0-A4DF-3E0E5A7463CF}.Debug|x64.Build.0 = Debug|x64
		{B1BA7566-0DEC-41B0-A4DF-3E0E5A7463CF}.Debug|x86.ActiveCfg = Debug|Win32
		{B1BA7566-0DEC-41B0-A4DF-3E0E5A7463CF}.Debug|x86.Build.0 = Debug|Win32
		{B1BA7566-0DEC-41B0-A4DF-3E0E5A7463CF}.Release|x64.ActiveCfg = Release|x64
		{B1BA7566-0DEC-41B0-A4DF-3E0E5A7463CF}.Release|x64.Build.0 = Release|x64
		{B1BA7566-0DEC-41B0-A4DF-3E0E5A7463CF}.Release|x86.ActiveCfg = Release|Win32
		{B1BA7566-0DEC-41B0-A4DF-3E0E5A7463CF}.Release|x86.Build.0 = Release|Win32
		{D024CAA3-0851-44F0-B315-0B70DAF358F7}.Debug|x64.ActiveCfg = Debug|x64
		{D024CAA3-0851-44F0-B315-0B70DAF358F7}.Debug|x64.Build.0 = Debug|x64
		{D024CAA3-0851-44F0-B315-0B70DAF358F7}.Debug|x86.ActiveCfg = Debug|Win32
		{D024CAA3-0851-44F0-B315-0B70DAF358F7}.Debug|x86.Build.0 = Debug|Win32
		{D024CAA3-0851-44F0-B315-0B70DAF358F7}.Release|x64.ActiveCfg = Release|x64
		{D024CAA3-0851-44F0-B315-0B70DAF358F7}.Release|x64.Build.0 = Release|x64
		{D024CAA3-0851-44F0-B315-0B70DAF358F7}.Release|x86.ActiveCfg = Release|Win32
		{D024CAA3-0851-44F0-B315-0B70DAF358F7}.Release|x86.Build.0 = Release|Win32
		{1679791F-57F7-4200-BDCF-156FFF557361}.Debug|x64.ActiveCfg = Debug|x64
		{1679791F-57F7-4200-BDCF-156FFF557361}.Debug|x64.Build.0 = Debug|x64
		{1679791F-57F7-4200-BDCF-156FFF557361}.Debug|x86.ActiveCfg = Debug|Win32
		{1679791F-57F7-4200-BDCF-156FFF557361}.Debug|x86.Build.0 = Debug|Win32
		{1679791F-57F7-4200-BDCF-156FFF557361}.Release|x64.ActiveCfg = Release|x64
		{1679791F-57F7-4200-BDCF-156FFF557361}.Release|x64.Build.0 = Release|x64
		{1679791F-57F7-4200-BDCF-156FFF557361}.Release|x86.ActiveCfg = Release|Win32
		{1679791F-57F7-4200-BDCF-156FFF557361}.Release|x86.Build.0 = Release|Win32
		{6193228B-0084-4CBC-933A-CFDA9F96EC07}.Debug|x64.ActiveCfg = Debug|x64
		{6193228B-0084-4CBC-933A-CFDA9F96EC07}.Debug|x64.Build.0 = Debug|x64
		{6193228B-0084-4CBC-933A-CFDA9F96EC07}.Debug|x86.ActiveCfg = Debug|Win32
		{6193228B-0084-4CBC-933A-CFDA9F96EC07}.Debug|x86.Build.0 = Debug|Win32
		{6193228B-0084-4CBC-933A-CFDA9F96EC07}.Release|x64.ActiveCfg = Release|x64
		{6193228B-0084-4CBC-933A-CFDA9F96EC07}.Release|x64.Build.0 = Release|x64
		{6193228B-0084-4CBC-933A-CFDA9F96EC07}.Release|x86.ActiveCfg = Release|Win32
		{6193228B-0084-4CBC-933A-CFDA9F96EC07}.Release|x86.Build.0 = Release|Win32
		{1820203A-2353-4CFA-BE94-04BA52759BA0}.Debug|x64.ActiveCfg = Debug|x64
		{1820203A-2353-4CFA-BE94-04BA52759BA0}.Debug|x64.Build.0 = Debug|x64
		{1820203A-2353-4CFA-BE94-04BA52759BA0}.Debug|x86.ActiveCfg = Debug|Win32
		{1820203A-2353-4CFA-BE94-04BA52759BA0}.Debug|x86.Build.0 = Debug|Win32
		{1820203A-2353-4CFA-BE94-04BA52759BA0}.Release|x64.ActiveCfg = Release|x64
		{1820203A-2353-4CFA-BE94-04BA52759BA0}.Release|x64.Build.0 = Release|x64
		{1820203A-2353-4CFA-BE94-04BA52759BA0}.Release|x86.ActiveCfg = Release|Win32
		{1820203A-2353-4CFA-BE94-04BA52759BA0}.Release|x86.Build.0 = Release|Win32
		{35C58C07-8532-4445-AB57-2B08065EE183}.Debug|x64.ActiveCfg = Debug|x64
		{35C58C07-8532-4445-AB57-2B08065EE183}.Debug|x64.Build.0 = Debug|x64
		{35C58C07-8532-4445-AB57-2B08065EE183}.Debug|x86.ActiveCfg = Debug|Win32
		{35C58C07-8532-4445-AB57-2B08065EE183}.Debug|x86.Build.0 = Debug|Win32
		{35C58C07-8532-4445-AB57-2B08065EE183}.Release|x64.ActiveCfg = Release|x64
		{35C58C07-8532-4445-AB57-2B08065EE183}.Release|x64.Build.0 = Release|x64
		{35C58C07-8532-4445-AB57-2B08065EE183}.Release|x86.ActiveCfg = Release|Win32
		{35C58C07-8532-4445-AB57-2B08065EE183}.Release|x86.Build.0 = Release|Win32
		{D0C682C6-2750-405B-AD55-58B7EED76B14}.Debug|x64.ActiveCfg = Debug|x64
		{D0C682C6-2750-405B-AD55-58B7EED76B14}.Debug|x64.Build.0 = Debug|x64
		{D0C682C6-2750-405B-AD55-58B7EED76B14}.Debug|x86.ActiveCfg = Debug|Win32
		{D0C682C6-2750-405B-AD55-58B7EED76B14}.Debug|x86.Build.0 = Debug|Win32
		{D0C682C6-2750-405B-AD55-58B7EED76B14}.Release|x64.ActiveCfg = Release|x64
		{D0C682C6-2750-405B-AD55-58B7EED76B14}.Release|x64.Build.0 = Release|x64
		{D0C682C6-2750-405B-AD55-58B7EED76B14}.Release|x86.ActiveCfg = Release|Win32
		{D0C682C6-2750-405B-AD55-58B7EED76B14}.Release|x86.Build.0 = Release|Win32
		{F1D60DEB-5169-44A4-B6AF-E66F26C09AFA}.Debug|x64.ActiveCfg = Debug|x64
		{F1D60DEB-5169-44A4-B6AF-E66F26C09AFA}.Debug|x64.Build.0 = Debug|x64
		{F1D60DEB-5169-44A4-B6AF-E66F26C09AFA}.Debug|x86.ActiveCfg = Debug|Win32
		{F1D60DEB-5169-44A4-B6AF-E66F26C09AFA}.Debug|x86.Build.0 = Debug|Win32
		{F1D60DEB-5169-44A4-B6AF-E66F26C09AFA}.Release|x64.ActiveCfg = Release|x64
		{F1D60DEB-5169-44A4-B6AF-E66F26C09AFA}.Release|x64.Build.0 = Release|x64
		{F1D60DEB-5169-44A4-B6AF-E66F26C09AFA}.Release|x86.ActiveCfg = Release|Win32
		{F1D60DEB-5169-44A4-B6AF-E66F26C09AFA}.Release|x86.Build.0 = Release|Win32
		{3D43B2AD-B436-4C3C-9E9C-9D89AE84B0C3}.Debug|x64.ActiveCfg = Debug|x64
		{3D43B2AD-B436-4C3C-9E9C-9D89AE84B0C3}.Debug|x64.Build.0 = Debug|x64
		{3D43B2AD-B436-4C3C-9E9C-9D89AE84B0C3}.Debug|x86.ActiveCfg = Debug|Win32
		{3D43B2AD-B436-4C3C-9E9C-9D89AE84B0C3}.Debug|x86.Build.0 = Debug|Win32
		{3D43B2AD-B436-4C3C-9E9C-9D89AE84B0C3}.Release|x64.ActiveCfg = Release|x64
		{3D43B2AD-B436-4C3C-9E9C-9D89AE84B0C3}.Release|x64.Build.0 = Release|x64
		{3D43B2AD-B436-4C3C-9E9C-9D89AE84B0C3}.Release|x86.ActiveCfg = Release|Win32
		{3D43B2AD-B436-4C3C-9E9C-9D89AE84B0C3}.Release|x86.Build.0 = Release|Win32
		{1EE9432F-EC6E-4217-970D-2F84C5A3D059}.Debug|x64.ActiveCfg = Debug|x64
		{1EE9432F-EC6E-4217-970D-2F84C5A3D059}.Debug|x64.Build.0 = Debug|x64
		{1EE9432F-EC6E-4217-970D-2F84C5A3D059}.Debug|x86.ActiveCfg = Debug|Win32
		{1EE9432F-EC6E-4217-970D-2F84C5A3D059}.Debug|x86.Build.0 = Debug|Win32
		{1EE9432F-EC6E-4217-970D-2F84C5A3D059}.Release|x64.ActiveCfg = Release|x64
		{1EE9432F-EC6E-4217-970D-2F84C5A3D059}.Release|x64.Build.0 = Release|x64
		{1EE9432F-EC6E-4217-970D-2F84C5A3D059}.Release|x86.ActiveCfg = Release|Win32
		{1EE9432F-EC6E-4217-970D-2F84C5A3D059}.Release|x86.Build.0 = Release|Win32
		{50AFA134-B332-47AA-BFC8-A3E98D585CE7}.Debug|x64.ActiveCfg = Debug|x64
		{50AFA134-B332-47AA-BFC8-A3E98D585CE7}.Debug|x64.Build.0 = Debug|x64
		{50AFA134-B332-47AA-BFC8-A3E98D585CE7}.Debug|x86.ActiveCfg = Debug|Win32
		{50AFA134-B332-47AA-BFC8-A3E98D585CE7}.Debug|x86.Build.0 = Debug|Win32
		{50AFA134-B332-47AA-BFC8-A3E98D585CE7}.Release|x64.ActiveCfg = Release|x64
		{50AFA134-B332-47AA-BFC8-A3E98D585CE7}.Release|x64.Build.0 = Release|x64
		{50AFA134-B332-47AA-BFC8-A3E98D585CE7}.Release|x86.ActiveCfg = Release|Win32
		{50AFA134-B332-47AA-BFC8-A3E98D585CE7}.Release|x86.Build.0 = Release|Win32
		{776EC8FE-4C64-49E9-B3F8-646896B394CF}.Debug|x64.ActiveCfg = Debug|x64
		{776EC8FE-4C64-49E9-B3F8-646896B394CF}.Debug|x64.Build.0 = Debug|x64
		{776EC8FE-4C64-49E9-B3F8-646896B394CF}.Debug|x86.ActiveCfg = Debug|Win32
		{776EC8FE-4C64-49E9-B3F8-646896B394CF}.Debug|x86.Build.0 = Debug|Win32
		{776EC8FE-4C64-49E9-B3F8-646896B394CF}.Release|x64.ActiveCfg = Release|x64
		{776EC8FE-4C64-49E9-B3F8-646896B394CF}.Release|x64.Build.0 = Release|x64
		{776EC8FE-4C64-49E9-B3F8-646896B394CF}.Release|x86.ActiveCfg = Release|Win32
		{776EC8FE-4C64-49E9-B3F8-646896B394CF}.Release|x86.Build.0 = Release|Win32
		{E755E076-5821-4E47-BF99-678A2C7556F1}.Debug|x64.ActiveCfg = Debug|x64
		{E755E076-5821-4E47-BF99-678A2C7556F1}.Debug|x64.Build.0 = Debug|x64
		{E755E076-5821-4E47-BF99-678A2C7556F1}.Debug|x86.ActiveCfg = Debug|Win32
		{E755E076-5821-4E47-BF99-678A2C7556F1}.Debug|x86.Build.0 = Debug|Win32
		{E755E076-5821-4E47-BF99-678A2C7556F1}.Release|x64.ActiveCfg = Release|x64
		{E755E076-5821-4E47-BF99-678A2C7556F1}.Release|x64.Build.0 = Release|x64
		{E755E076-5821-4E47-BF99-678A2C7556F1}.Release|x86.ActiveCfg = Release|Win32
		{E755E076-5821-4E47-BF99-678A2C7556F1}.Release|x86.Build.0 = Release|Win32
		{ABE68631-B68E-482B-98D0-6BD3ED6CB79E}.Debug|x64.ActiveCfg = Debug|x64
		{ABE68631-B68E-482B-98D0-6BD3ED6CB79E}.Debug|x64.Build.0 = Debug|x64
		{ABE68631-B68E-482B-98D0-6BD3ED6CB79E}.Debug|x86.ActiveCfg = Debug|Win32
		{ABE68631-B68E-482B-98D0-6BD3ED6CB79E}.Debug|x86.Build.0 = Debug|Win32
		{ABE68631-B68E-482B-98D0-6BD3ED6CB79E}.Release|x64.ActiveCfg = Release|x64
		{ABE68631-B68E-482B-98D0-6BD3ED6CB79E}.Release|x64.Build.0 = Release|x64
		{ABE68631-B68E-482B-98D0-6BD3ED6CB79E}.Release|x86.ActiveCfg = Release|Win32
		{ABE68631-B68E-482B-98D0-6BD3ED6CB79E}.Release|x86.Build.0 = Release|Win32
	EndGlobalSection
	GlobalSection(SolutionProperties) = preSolution
		HideSolutionNode = FALSE
	EndGlobalSection
EndGlobal
